
Microsoft Visual Studio Solution File, Format Version 12.00
# Visual Studio Version 17
VisualStudioVersion = 17.13.35825.156
MinimumVisualStudioVersion = 10.0.40219.1
Project("{FAE04EC0-301F-11D3-BF4B-00C04F79EFBC}") = "FluentDevelopment.Maui.Rbav", "FluentDevelopment.Maui.Rbav\FluentDevelopment.Maui.Rbav.csproj", "{A9408366-E74A-4A2A-9463-8DB258AA1048}"
EndProject
Project("{FAE04EC0-301F-11D3-BF4B-00C04F79EFBC}") = "FluentDevelopment.Rba", "..\..\..\Librarys\FluentDevelopment.Rba\FluentDevelopment.Rba\FluentDevelopment.Rba.csproj", "{48CF1B66-CDD2-0E79-0AAD-EB006807D503}"
EndProject
Project("{FAE04EC0-301F-11D3-BF4B-00C04F79EFBC}") = "FluentDevelopment.Maui.Rbav.Demo", "FluentDevelopment.Maui.Rbav.Demo\FluentDevelopment.Maui.Rbav.Demo.csproj", "{EFB9DE69-124E-4223-AD15-C6C021825A88}"
EndProject
Global
	GlobalSection(SolutionConfigurationPlatforms) = preSolution
		Debug|Any CPU = Debug|Any CPU
		Release|Any CPU = Release|Any CPU
	EndGlobalSection
	GlobalSection(ProjectConfigurationPlatforms) = postSolution
		{A9408366-E74A-4A2A-9463-8DB258AA1048}.Debug|Any CPU.ActiveCfg = Debug|Any CPU
		{A9408366-E74A-4A2A-9463-8DB258AA1048}.Debug|Any CPU.Build.0 = Debug|Any CPU
		{A9408366-E74A-4A2A-9463-8DB258AA1048}.Release|Any CPU.ActiveCfg = Release|Any CPU
		{A9408366-E74A-4A2A-9463-8DB258AA1048}.Release|Any CPU.Build.0 = Release|Any CPU
		{48CF1B66-CDD2-0E79-0AAD-EB006807D503}.Debug|Any CPU.ActiveCfg = Debug|Any CPU
		{48CF1B66-CDD2-0E79-0AAD-EB006807D503}.Debug|Any CPU.Build.0 = Debug|Any CPU
		{48CF1B66-CDD2-0E79-0AAD-EB006807D503}.Release|Any CPU.ActiveCfg = Release|Any CPU
		{48CF1B66-CDD2-0E79-0AAD-EB006807D503}.Release|Any CPU.Build.0 = Release|Any CPU
		{EFB9DE69-124E-4223-AD15-C6C021825A88}.Debug|Any CPU.ActiveCfg = Debug|Any CPU
		{EFB9DE69-124E-4223-AD15-C6C021825A88}.Debug|Any CPU.Build.0 = Debug|Any CPU
		{EFB9DE69-124E-4223-AD15-C6C021825A88}.Release|Any CPU.ActiveCfg = Release|Any CPU
		{EFB9DE69-124E-4223-AD15-C6C021825A88}.Release|Any CPU.Build.0 = Release|Any CPU
	EndGlobalSection
	GlobalSection(SolutionProperties) = preSolution
		HideSolutionNode = FALSE
	EndGlobalSection
	GlobalSection(ExtensibilityGlobals) = postSolution
		SolutionGuid = {C52173C0-51FE-4C73-8239-80B3495C053F}
	EndGlobalSection
EndGlobal
