
Microsoft Visual Studio Solution File, Format Version 12.00
# Visual Studio Version 18
VisualStudioVersion = 18.1.11312.151 d18.0
MinimumVisualStudioVersion = 10.0.40219.1
Project("{FAE04EC0-301F-11D3-BF4B-00C04F79EFBC}") = "FluentDevelopment.Maui.Rbav", "FluentDevelopment.Maui.Rbav\FluentDevelopment.Maui.Rbav.csproj", "{A9408366-E74A-4A2A-9463-8DB258AA1048}"
EndProject
Project("{FAE04EC0-301F-11D3-BF4B-00C04F79EFBC}") = "FluentDevelopment.Maui.Rbav.Demo", "FluentDevelopment.Maui.Rbav.Demo\FluentDevelopment.Maui.Rbav.Demo.csproj", "{EFB9DE69-124E-4223-AD15-C6C021825A88}"
EndProject
Global
	GlobalSection(SolutionConfigurationPlatforms) = preSolution
		Debug|Any CPU = Debug|Any CPU
		Release|Any CPU = Release|Any CPU
	EndGlobalSection
	GlobalSection(ProjectConfigurationPlatforms) = postSolution
		{A9408366-E74A-4A2A-9463-8DB258AA1048}.Debug|Any CPU.ActiveCfg = Debug|Any CPU
		{A9408366-E74A-4A2A-9463-8DB258AA1048}.Debug|Any CPU.Build.0 = Debug|Any CPU
		{A9408366-E74A-4A2A-9463-8DB258AA1048}.Release|Any CPU.ActiveCfg = Release|Any CPU
		{A9408366-E74A-4A2A-9463-8DB258AA1048}.Release|Any CPU.Build.0 = Release|Any CPU
		{EFB9DE69-124E-4223-AD15-C6C021825A88}.Debug|Any CPU.ActiveCfg = Debug|Any CPU
		{EFB9DE69-124E-4223-AD15-C6C021825A88}.Debug|Any CPU.Build.0 = Debug|Any CPU
		{EFB9DE69-124E-4223-AD15-C6C021825A88}.Debug|Any CPU.Deploy.0 = Debug|Any CPU
		{EFB9DE69-124E-4223-AD15-C6C021825A88}.Release|Any CPU.ActiveCfg = Release|Any CPU
		{EFB9DE69-124E-4223-AD15-C6C021825A88}.Release|Any CPU.Build.0 = Release|Any CPU
	EndGlobalSection
	GlobalSection(SolutionProperties) = preSolution
		HideSolutionNode = FALSE
	EndGlobalSection
	GlobalSection(ExtensibilityGlobals) = postSolution
		SolutionGuid = {C52173C0-51FE-4C73-8239-80B3495C053F}
	EndGlobalSection
EndGlobal
